# THIS IS AN AUTOGENERATED FILE. DO NOT EDIT THIS FILE DIRECTLY.
# yarn lockfile v1


immediate@~3.0.5:
  version "3.0.6"
  resolved "https://registry.yarnpkg.com/immediate/-/immediate-3.0.6.tgz#9db1dbd0faf8de6fbe0f5dd5e56bb606280de69b"
  integrity sha1-nbHb0Pr43m++D13V5Wu2BigN5ps=

lie@3.1.1:
  version "3.1.1"
  resolved "https://registry.yarnpkg.com/lie/-/lie-3.1.1.tgz#9a436b2cc7746ca59de7a41fa469b3efb76bd87e"
  integrity sha1-mkNrLMd0bKWd56QfpGmz77dr2H4=
  dependencies:
    immediate "~3.0.5"

pouchdb-bulkdocs-wrapper@^4.2.0:
  version "4.2.0"
  resolved "https://registry.yarnpkg.com/pouchdb-bulkdocs-wrapper/-/pouchdb-bulkdocs-wrapper-4.2.0.tgz#cce556421a090492a25e81dda45a40e06de9b088"
  integrity sha512-9Zuzot30FoD4Cp9ZqIjb6/7+xyXTFRaXzp1wdigzecdp/D6wgWqo6rKCXKHTZYPEcGB97vMNRYqld6wbA89FCA==
  dependencies:
    pouchdb-promise "^6.4.1"

pouchdb-changeslike-wrapper@^4.2.0:
  version "4.2.0"
  resolved "https://registry.yarnpkg.com/pouchdb-changeslike-wrapper/-/pouchdb-changeslike-wrapper-4.2.0.tgz#2660e14180672f9e396daffd7f2556a9bf4c71bf"
  integrity sha512-vsz3sTXH2YdWTd+dSBWEFOrdtIM07peQ9dSzROONyG7dqGlr9e2uSj+mXqTm8jBLDwUfcjZu16DTUg2AdWtWJg==

pouchdb-plugin-error@^4.2.0:
  version "4.2.0"
  resolved "https://registry.yarnpkg.com/pouchdb-plugin-error/-/pouchdb-plugin-error-4.2.0.tgz#2e18b6ce80af90a223b4306374b39420f1606004"
  integrity sha512-dkgckrU7m7sa1WDRNFevsgi9DnqXkH09wXCCSc8D536mQCU3uo4jRyy/mtlSfT56NWGcieWTKNI0HQi3rhqKtg==

pouchdb-promise@^6.4.1, pouchdb-promise@^6.4.3:
  version "6.4.3"
  resolved "https://registry.yarnpkg.com/pouchdb-promise/-/pouchdb-promise-6.4.3.tgz#74516f4acf74957b54debd0fb2c0e5b5a68ca7b3"
  integrity sha512-ruJaSFXwzsxRHQfwNHjQfsj58LBOY1RzGzde4PM5CWINZwFjCQAhZwfMrch2o/0oZT6d+Xtt0HTWhq35p3b0qw==
  dependencies:
    lie "3.1.1"

pouchdb-wrappers@^4.2.0:
  version "4.2.0"
  resolved "https://registry.yarnpkg.com/pouchdb-wrappers/-/pouchdb-wrappers-4.2.0.tgz#283f1f1e959f56f2626619514d52f2b74c3654a7"
  integrity sha512-ADnQKEgWsf2a3qEXj1njP7D1I1OeA0Z+O7OfXN4mK623Re/hvz869Xes8i8oJXscAh6gz/fzjiU6ElbLF6Wd5w==
  dependencies:
    promise-nodify "^1.0.2"

promise-nodify@^1.0.2:
  version "1.0.2"
  resolved "https://registry.yarnpkg.com/promise-nodify/-/promise-nodify-1.0.2.tgz#0d0fb143c33400b0061b47e581257557047d4c5a"
  integrity sha1-DQ+xQ8M0ALAGG0flgSV1VwR9TFo=
